{
  "version": 4,
  "terraform_version": "0.12.12",
  "serial": 36,
  "lineage": "77072704-b15d-20c8-3815-cc93b27b224c",
  "outputs": {},
  "resources": [
    {
      "mode": "managed",
      "type": "azurerm_availability_set",
      "name": "main",
      "each": "list",
      "provider": "provider.azurerm",
      "instances": [
        {
          "index_key": 0,
          "schema_version": 0,
          "attributes": {
            "id": "/subscriptions/4fc8a9ce-bdb4-476f-aa96-2948a69c3f62/resourceGroups/udacity-project-1-resources/providers/Microsoft.Compute/availabilitySets/udacity-project-1-aset-0",
            "location": "eastus",
            "managed": true,
            "name": "udacity-project-1-aset-0",
            "platform_fault_domain_count": 3,
            "platform_update_domain_count": 5,
            "proximity_placement_group_id": null,
            "resource_group_name": "udacity-project-1-resources",
            "tags": {
              "environment": "Production"
            },
            "timeouts": null
          },
          "private": "eyJlMmJmYjczMC1lY2FhLTExZTYtOGY4OC0zNDM2M2JjN2M0YzAiOnsiY3JlYXRlIjoxODAwMDAwMDAwMDAwLCJkZWxldGUiOjE4MDAwMDAwMDAwMDAsInJlYWQiOjMwMDAwMDAwMDAwMCwidXBkYXRlIjoxODAwMDAwMDAwMDAwfX0=",
          "depends_on": [
            "azurerm_resource_group.main"
          ]
        },
        {
          "index_key": 1,
          "schema_version": 0,
          "attributes": {
            "id": "/subscriptions/4fc8a9ce-bdb4-476f-aa96-2948a69c3f62/resourceGroups/udacity-project-1-resources/providers/Microsoft.Compute/availabilitySets/udacity-project-1-aset-1",
            "location": "eastus",
            "managed": true,
            "name": "udacity-project-1-aset-1",
            "platform_fault_domain_count": 3,
            "platform_update_domain_count": 5,
            "proximity_placement_group_id": null,
            "resource_group_name": "udacity-project-1-resources",
            "tags": {
              "environment": "Production"
            },
            "timeouts": null
          },
          "private": "eyJlMmJmYjczMC1lY2FhLTExZTYtOGY4OC0zNDM2M2JjN2M0YzAiOnsiY3JlYXRlIjoxODAwMDAwMDAwMDAwLCJkZWxldGUiOjE4MDAwMDAwMDAwMDAsInJlYWQiOjMwMDAwMDAwMDAwMCwidXBkYXRlIjoxODAwMDAwMDAwMDAwfX0=",
          "depends_on": [
            "azurerm_resource_group.main"
          ]
        },
        {
          "index_key": 2,
          "schema_version": 0,
          "attributes": {
            "id": "/subscriptions/4fc8a9ce-bdb4-476f-aa96-2948a69c3f62/resourceGroups/udacity-project-1-resources/providers/Microsoft.Compute/availabilitySets/udacity-project-1-aset-2",
            "location": "eastus",
            "managed": true,
            "name": "udacity-project-1-aset-2",
            "platform_fault_domain_count": 3,
            "platform_update_domain_count": 5,
            "proximity_placement_group_id": null,
            "resource_group_name": "udacity-project-1-resources",
            "tags": {
              "environment": "Production"
            },
            "timeouts": null
          },
          "private": "eyJlMmJmYjczMC1lY2FhLTExZTYtOGY4OC0zNDM2M2JjN2M0YzAiOnsiY3JlYXRlIjoxODAwMDAwMDAwMDAwLCJkZWxldGUiOjE4MDAwMDAwMDAwMDAsInJlYWQiOjMwMDAwMDAwMDAwMCwidXBkYXRlIjoxODAwMDAwMDAwMDAwfX0=",
          "depends_on": [
            "azurerm_resource_group.main"
          ]
        }
      ]
    },
    {
      "mode": "managed",
      "type": "azurerm_lb",
      "name": "main",
      "provider": "provider.azurerm",
      "instances": [
        {
          "schema_version": 0,
          "attributes": {
            "frontend_ip_configuration": [
              {
                "id": "/subscriptions/4fc8a9ce-bdb4-476f-aa96-2948a69c3f62/resourceGroups/udacity-project-1-resources/providers/Microsoft.Network/loadBalancers/udacity-project-1-LoadBalancer/frontendIPConfigurations/PublicIPAddress",
                "inbound_nat_rules": [],
                "load_balancer_rules": [],
                "name": "PublicIPAddress",
                "outbound_rules": [],
                "private_ip_address": "",
                "private_ip_address_allocation": "Dynamic",
                "private_ip_address_version": "IPv4",
                "public_ip_address_id": "/subscriptions/4fc8a9ce-bdb4-476f-aa96-2948a69c3f62/resourceGroups/udacity-project-1-resources/providers/Microsoft.Network/publicIPAddresses/udacity-project-1-public-ip",
                "public_ip_prefix_id": "",
                "subnet_id": "",
                "zones": null
              }
            ],
            "id": "/subscriptions/4fc8a9ce-bdb4-476f-aa96-2948a69c3f62/resourceGroups/udacity-project-1-resources/providers/Microsoft.Network/loadBalancers/udacity-project-1-LoadBalancer",
            "location": "eastus",
            "name": "udacity-project-1-LoadBalancer",
            "private_ip_address": "",
            "private_ip_addresses": [],
            "resource_group_name": "udacity-project-1-resources",
            "sku": "Basic",
            "tags": null,
            "timeouts": null
          },
          "private": "eyJlMmJmYjczMC1lY2FhLTExZTYtOGY4OC0zNDM2M2JjN2M0YzAiOnsiY3JlYXRlIjoxODAwMDAwMDAwMDAwLCJkZWxldGUiOjE4MDAwMDAwMDAwMDAsInJlYWQiOjMwMDAwMDAwMDAwMCwidXBkYXRlIjoxODAwMDAwMDAwMDAwfX0=",
          "depends_on": [
            "azurerm_public_ip.main",
            "azurerm_resource_group.main"
          ]
        }
      ]
    },
    {
      "mode": "managed",
      "type": "azurerm_lb_backend_address_pool",
      "name": "main",
      "provider": "provider.azurerm",
      "instances": [
        {
          "schema_version": 0,
          "attributes": {
            "backend_ip_configurations": [],
            "id": "/subscriptions/4fc8a9ce-bdb4-476f-aa96-2948a69c3f62/resourceGroups/udacity-project-1-resources/providers/Microsoft.Network/loadBalancers/udacity-project-1-LoadBalancer/backendAddressPools/BackEndAddressPool",
            "load_balancing_rules": [],
            "loadbalancer_id": "/subscriptions/4fc8a9ce-bdb4-476f-aa96-2948a69c3f62/resourceGroups/udacity-project-1-resources/providers/Microsoft.Network/loadBalancers/udacity-project-1-LoadBalancer",
            "name": "BackEndAddressPool",
            "resource_group_name": "udacity-project-1-resources",
            "timeouts": null
          },
          "private": "eyJlMmJmYjczMC1lY2FhLTExZTYtOGY4OC0zNDM2M2JjN2M0YzAiOnsiY3JlYXRlIjoxODAwMDAwMDAwMDAwLCJkZWxldGUiOjE4MDAwMDAwMDAwMDAsInJlYWQiOjMwMDAwMDAwMDAwMCwidXBkYXRlIjoxODAwMDAwMDAwMDAwfX0=",
          "depends_on": [
            "azurerm_lb.main",
            "azurerm_resource_group.main"
          ]
        }
      ]
    },
    {
      "mode": "managed",
      "type": "azurerm_linux_virtual_machine",
      "name": "main",
      "each": "list",
      "provider": "provider.azurerm",
      "instances": [
        {
          "index_key": 0,
          "schema_version": 0,
          "attributes": {
            "additional_capabilities": [],
            "admin_password": "C0oc0o123.",
            "admin_ssh_key": [],
            "admin_username": "ghawanni",
            "allow_extension_operations": true,
            "availability_set_id": "",
            "boot_diagnostics": [],
            "computer_name": "udacity-project-1-machine-0",
            "custom_data": null,
            "dedicated_host_id": "",
            "disable_password_authentication": false,
            "encryption_at_host_enabled": false,
            "eviction_policy": "",
            "extensions_time_budget": "PT1H30M",
            "id": "/subscriptions/4fc8a9ce-bdb4-476f-aa96-2948a69c3f62/resourceGroups/udacity-project-1-resources/providers/Microsoft.Compute/virtualMachines/udacity-project-1-machine-0",
            "identity": [],
            "location": "eastus",
            "max_bid_price": -1,
            "name": "udacity-project-1-machine-0",
            "network_interface_ids": [
              "/subscriptions/4fc8a9ce-bdb4-476f-aa96-2948a69c3f62/resourceGroups/udacity-project-1-resources/providers/Microsoft.Network/networkInterfaces/udacity-project-1-nic-0"
            ],
            "os_disk": [
              {
                "caching": "ReadWrite",
                "diff_disk_settings": [],
                "disk_encryption_set_id": "",
                "disk_size_gb": 30,
                "name": "udacity-project-1-machine-0_disk1_998350f22cc944f2935180a651358cdd",
                "storage_account_type": "Standard_LRS",
                "write_accelerator_enabled": false
              }
            ],
            "plan": [],
            "priority": "Regular",
            "private_ip_address": "10.0.2.6",
            "private_ip_addresses": [
              "10.0.2.6"
            ],
            "provision_vm_agent": true,
            "proximity_placement_group_id": "",
            "public_ip_address": "",
            "public_ip_addresses": [],
            "resource_group_name": "udacity-project-1-resources",
            "secret": [],
            "size": "Standard_F2",
            "source_image_id": "/subscriptions/4fc8a9ce-bdb4-476f-aa96-2948a69c3f62/resourceGroups/udacity-project-1-resources/providers/Microsoft.Compute/images/Ubuntu18.04LTS",
            "source_image_reference": [],
            "tags": null,
            "timeouts": null,
            "virtual_machine_id": "eba13bfe-96cf-4b23-879e-1b9d11e00288",
            "virtual_machine_scale_set_id": "",
            "zone": ""
          },
          "private": "eyJlMmJmYjczMC1lY2FhLTExZTYtOGY4OC0zNDM2M2JjN2M0YzAiOnsiY3JlYXRlIjoyNzAwMDAwMDAwMDAwLCJkZWxldGUiOjI3MDAwMDAwMDAwMDAsInJlYWQiOjMwMDAwMDAwMDAwMCwidXBkYXRlIjoyNzAwMDAwMDAwMDAwfX0=",
          "depends_on": [
            "azurerm_network_interface.main",
            "azurerm_resource_group.main"
          ]
        },
        {
          "index_key": 2,
          "schema_version": 0,
          "attributes": {
            "additional_capabilities": [],
            "admin_password": "C0oc0o123.",
            "admin_ssh_key": [],
            "admin_username": "ghawanni",
            "allow_extension_operations": true,
            "availability_set_id": "",
            "boot_diagnostics": [],
            "computer_name": "udacity-project-1-machine-2",
            "custom_data": null,
            "dedicated_host_id": "",
            "disable_password_authentication": false,
            "encryption_at_host_enabled": false,
            "eviction_policy": "",
            "extensions_time_budget": "PT1H30M",
            "id": "/subscriptions/4fc8a9ce-bdb4-476f-aa96-2948a69c3f62/resourceGroups/udacity-project-1-resources/providers/Microsoft.Compute/virtualMachines/udacity-project-1-machine-2",
            "identity": [],
            "location": "eastus",
            "max_bid_price": -1,
            "name": "udacity-project-1-machine-2",
            "network_interface_ids": [
              "/subscriptions/4fc8a9ce-bdb4-476f-aa96-2948a69c3f62/resourceGroups/udacity-project-1-resources/providers/Microsoft.Network/networkInterfaces/udacity-project-1-nic-2"
            ],
            "os_disk": [
              {
                "caching": "ReadWrite",
                "diff_disk_settings": [],
                "disk_encryption_set_id": "",
                "disk_size_gb": 30,
                "name": "udacity-project-1-machine-2_disk1_6fcb64f7df6741979efac7ac950c12e6",
                "storage_account_type": "Standard_LRS",
                "write_accelerator_enabled": false
              }
            ],
            "plan": [],
            "priority": "Regular",
            "private_ip_address": "10.0.2.4",
            "private_ip_addresses": [
              "10.0.2.4"
            ],
            "provision_vm_agent": true,
            "proximity_placement_group_id": "",
            "public_ip_address": "",
            "public_ip_addresses": [],
            "resource_group_name": "udacity-project-1-resources",
            "secret": [],
            "size": "Standard_F2",
            "source_image_id": "/subscriptions/4fc8a9ce-bdb4-476f-aa96-2948a69c3f62/resourceGroups/udacity-project-1-resources/providers/Microsoft.Compute/images/Ubuntu18.04LTS",
            "source_image_reference": [],
            "tags": null,
            "timeouts": null,
            "virtual_machine_id": "7e34fcdd-c4c2-4b8d-9e20-3c89aa731818",
            "virtual_machine_scale_set_id": "",
            "zone": ""
          },
          "private": "eyJlMmJmYjczMC1lY2FhLTExZTYtOGY4OC0zNDM2M2JjN2M0YzAiOnsiY3JlYXRlIjoyNzAwMDAwMDAwMDAwLCJkZWxldGUiOjI3MDAwMDAwMDAwMDAsInJlYWQiOjMwMDAwMDAwMDAwMCwidXBkYXRlIjoyNzAwMDAwMDAwMDAwfX0=",
          "depends_on": [
            "azurerm_network_interface.main",
            "azurerm_resource_group.main"
          ]
        }
      ]
    },
    {
      "mode": "managed",
      "type": "azurerm_managed_disk",
      "name": "main",
      "each": "list",
      "provider": "provider.azurerm",
      "instances": [
        {
          "index_key": 0,
          "schema_version": 0,
          "attributes": {
            "create_option": "Empty",
            "disk_encryption_set_id": "",
            "disk_iops_read_write": 500,
            "disk_mbps_read_write": 60,
            "disk_size_gb": 1,
            "encryption_settings": [],
            "id": "/subscriptions/4fc8a9ce-bdb4-476f-aa96-2948a69c3f62/resourceGroups/udacity-project-1-resources/providers/Microsoft.Compute/disks/udacity-project-1-managed-disk-0",
            "image_reference_id": "",
            "location": "eastus",
            "name": "udacity-project-1-managed-disk-0",
            "os_type": "",
            "resource_group_name": "udacity-project-1-resources",
            "source_resource_id": "",
            "source_uri": "",
            "storage_account_id": "",
            "storage_account_type": "Standard_LRS",
            "tags": {
              "environment": "Production"
            },
            "timeouts": null,
            "zones": null
          },
          "private": "eyJlMmJmYjczMC1lY2FhLTExZTYtOGY4OC0zNDM2M2JjN2M0YzAiOnsiY3JlYXRlIjoxODAwMDAwMDAwMDAwLCJkZWxldGUiOjE4MDAwMDAwMDAwMDAsInJlYWQiOjMwMDAwMDAwMDAwMCwidXBkYXRlIjoxODAwMDAwMDAwMDAwfX0=",
          "depends_on": [
            "azurerm_resource_group.main"
          ]
        },
        {
          "index_key": 1,
          "schema_version": 0,
          "attributes": {
            "create_option": "Empty",
            "disk_encryption_set_id": "",
            "disk_iops_read_write": 500,
            "disk_mbps_read_write": 60,
            "disk_size_gb": 1,
            "encryption_settings": [],
            "id": "/subscriptions/4fc8a9ce-bdb4-476f-aa96-2948a69c3f62/resourceGroups/udacity-project-1-resources/providers/Microsoft.Compute/disks/udacity-project-1-managed-disk-1",
            "image_reference_id": "",
            "location": "eastus",
            "name": "udacity-project-1-managed-disk-1",
            "os_type": "",
            "resource_group_name": "udacity-project-1-resources",
            "source_resource_id": "",
            "source_uri": "",
            "storage_account_id": "",
            "storage_account_type": "Standard_LRS",
            "tags": {
              "environment": "Production"
            },
            "timeouts": null,
            "zones": null
          },
          "private": "eyJlMmJmYjczMC1lY2FhLTExZTYtOGY4OC0zNDM2M2JjN2M0YzAiOnsiY3JlYXRlIjoxODAwMDAwMDAwMDAwLCJkZWxldGUiOjE4MDAwMDAwMDAwMDAsInJlYWQiOjMwMDAwMDAwMDAwMCwidXBkYXRlIjoxODAwMDAwMDAwMDAwfX0=",
          "depends_on": [
            "azurerm_resource_group.main"
          ]
        },
        {
          "index_key": 2,
          "schema_version": 0,
          "attributes": {
            "create_option": "Empty",
            "disk_encryption_set_id": "",
            "disk_iops_read_write": 500,
            "disk_mbps_read_write": 60,
            "disk_size_gb": 1,
            "encryption_settings": [],
            "id": "/subscriptions/4fc8a9ce-bdb4-476f-aa96-2948a69c3f62/resourceGroups/udacity-project-1-resources/providers/Microsoft.Compute/disks/udacity-project-1-managed-disk-2",
            "image_reference_id": "",
            "location": "eastus",
            "name": "udacity-project-1-managed-disk-2",
            "os_type": "",
            "resource_group_name": "udacity-project-1-resources",
            "source_resource_id": "",
            "source_uri": "",
            "storage_account_id": "",
            "storage_account_type": "Standard_LRS",
            "tags": {
              "environment": "Production"
            },
            "timeouts": null,
            "zones": null
          },
          "private": "eyJlMmJmYjczMC1lY2FhLTExZTYtOGY4OC0zNDM2M2JjN2M0YzAiOnsiY3JlYXRlIjoxODAwMDAwMDAwMDAwLCJkZWxldGUiOjE4MDAwMDAwMDAwMDAsInJlYWQiOjMwMDAwMDAwMDAwMCwidXBkYXRlIjoxODAwMDAwMDAwMDAwfX0=",
          "depends_on": [
            "azurerm_resource_group.main"
          ]
        }
      ]
    },
    {
      "mode": "managed",
      "type": "azurerm_network_interface",
      "name": "main",
      "each": "list",
      "provider": "provider.azurerm",
      "instances": [
        {
          "index_key": 0,
          "schema_version": 0,
          "attributes": {
            "applied_dns_servers": [],
            "dns_servers": [],
            "enable_accelerated_networking": false,
            "enable_ip_forwarding": false,
            "id": "/subscriptions/4fc8a9ce-bdb4-476f-aa96-2948a69c3f62/resourceGroups/udacity-project-1-resources/providers/Microsoft.Network/networkInterfaces/udacity-project-1-nic-0",
            "internal_dns_name_label": "",
            "internal_domain_name_suffix": "qa2gizs1uodebaxu1qowx40fsa.bx.internal.cloudapp.net",
            "ip_configuration": [
              {
                "name": "internal-0",
                "primary": true,
                "private_ip_address": "10.0.2.6",
                "private_ip_address_allocation": "Dynamic",
                "private_ip_address_version": "IPv4",
                "public_ip_address_id": "",
                "subnet_id": "/subscriptions/4fc8a9ce-bdb4-476f-aa96-2948a69c3f62/resourceGroups/udacity-project-1-resources/providers/Microsoft.Network/virtualNetworks/udacity-project-1-network/subnets/internal"
              }
            ],
            "location": "eastus",
            "mac_address": "",
            "name": "udacity-project-1-nic-0",
            "private_ip_address": "10.0.2.6",
            "private_ip_addresses": [
              "10.0.2.6"
            ],
            "resource_group_name": "udacity-project-1-resources",
            "tags": null,
            "timeouts": null,
            "virtual_machine_id": ""
          },
          "private": "eyJlMmJmYjczMC1lY2FhLTExZTYtOGY4OC0zNDM2M2JjN2M0YzAiOnsiY3JlYXRlIjoxODAwMDAwMDAwMDAwLCJkZWxldGUiOjE4MDAwMDAwMDAwMDAsInJlYWQiOjMwMDAwMDAwMDAwMCwidXBkYXRlIjoxODAwMDAwMDAwMDAwfX0=",
          "depends_on": [
            "azurerm_resource_group.main",
            "azurerm_subnet.internal"
          ]
        },
        {
          "index_key": 1,
          "schema_version": 0,
          "attributes": {
            "applied_dns_servers": [],
            "dns_servers": [],
            "enable_accelerated_networking": false,
            "enable_ip_forwarding": false,
            "id": "/subscriptions/4fc8a9ce-bdb4-476f-aa96-2948a69c3f62/resourceGroups/udacity-project-1-resources/providers/Microsoft.Network/networkInterfaces/udacity-project-1-nic-1",
            "internal_dns_name_label": "",
            "internal_domain_name_suffix": "qa2gizs1uodebaxu1qowx40fsa.bx.internal.cloudapp.net",
            "ip_configuration": [
              {
                "name": "internal-1",
                "primary": true,
                "private_ip_address": "10.0.2.5",
                "private_ip_address_allocation": "Dynamic",
                "private_ip_address_version": "IPv4",
                "public_ip_address_id": "",
                "subnet_id": "/subscriptions/4fc8a9ce-bdb4-476f-aa96-2948a69c3f62/resourceGroups/udacity-project-1-resources/providers/Microsoft.Network/virtualNetworks/udacity-project-1-network/subnets/internal"
              }
            ],
            "location": "eastus",
            "mac_address": "",
            "name": "udacity-project-1-nic-1",
            "private_ip_address": "10.0.2.5",
            "private_ip_addresses": [
              "10.0.2.5"
            ],
            "resource_group_name": "udacity-project-1-resources",
            "tags": null,
            "timeouts": null,
            "virtual_machine_id": ""
          },
          "private": "eyJlMmJmYjczMC1lY2FhLTExZTYtOGY4OC0zNDM2M2JjN2M0YzAiOnsiY3JlYXRlIjoxODAwMDAwMDAwMDAwLCJkZWxldGUiOjE4MDAwMDAwMDAwMDAsInJlYWQiOjMwMDAwMDAwMDAwMCwidXBkYXRlIjoxODAwMDAwMDAwMDAwfX0=",
          "depends_on": [
            "azurerm_resource_group.main",
            "azurerm_subnet.internal"
          ]
        },
        {
          "index_key": 2,
          "schema_version": 0,
          "attributes": {
            "applied_dns_servers": [],
            "dns_servers": [],
            "enable_accelerated_networking": false,
            "enable_ip_forwarding": false,
            "id": "/subscriptions/4fc8a9ce-bdb4-476f-aa96-2948a69c3f62/resourceGroups/udacity-project-1-resources/providers/Microsoft.Network/networkInterfaces/udacity-project-1-nic-2",
            "internal_dns_name_label": "",
            "internal_domain_name_suffix": "qa2gizs1uodebaxu1qowx40fsa.bx.internal.cloudapp.net",
            "ip_configuration": [
              {
                "name": "internal-2",
                "primary": true,
                "private_ip_address": "10.0.2.4",
                "private_ip_address_allocation": "Dynamic",
                "private_ip_address_version": "IPv4",
                "public_ip_address_id": "",
                "subnet_id": "/subscriptions/4fc8a9ce-bdb4-476f-aa96-2948a69c3f62/resourceGroups/udacity-project-1-resources/providers/Microsoft.Network/virtualNetworks/udacity-project-1-network/subnets/internal"
              }
            ],
            "location": "eastus",
            "mac_address": "",
            "name": "udacity-project-1-nic-2",
            "private_ip_address": "10.0.2.4",
            "private_ip_addresses": [
              "10.0.2.4"
            ],
            "resource_group_name": "udacity-project-1-resources",
            "tags": null,
            "timeouts": null,
            "virtual_machine_id": ""
          },
          "private": "eyJlMmJmYjczMC1lY2FhLTExZTYtOGY4OC0zNDM2M2JjN2M0YzAiOnsiY3JlYXRlIjoxODAwMDAwMDAwMDAwLCJkZWxldGUiOjE4MDAwMDAwMDAwMDAsInJlYWQiOjMwMDAwMDAwMDAwMCwidXBkYXRlIjoxODAwMDAwMDAwMDAwfX0=",
          "depends_on": [
            "azurerm_resource_group.main",
            "azurerm_subnet.internal"
          ]
        }
      ]
    },
    {
      "mode": "managed",
      "type": "azurerm_network_security_group",
      "name": "main",
      "provider": "provider.azurerm",
      "instances": [
        {
          "schema_version": 0,
          "attributes": {
            "id": "/subscriptions/4fc8a9ce-bdb4-476f-aa96-2948a69c3f62/resourceGroups/udacity-project-1-resources/providers/Microsoft.Network/networkSecurityGroups/udacity-project-1-nsg",
            "location": "eastus",
            "name": "udacity-project-1-nsg",
            "resource_group_name": "udacity-project-1-resources",
            "security_rule": [],
            "tags": null,
            "timeouts": null
          },
          "private": "eyJlMmJmYjczMC1lY2FhLTExZTYtOGY4OC0zNDM2M2JjN2M0YzAiOnsiY3JlYXRlIjoxODAwMDAwMDAwMDAwLCJkZWxldGUiOjE4MDAwMDAwMDAwMDAsInJlYWQiOjMwMDAwMDAwMDAwMCwidXBkYXRlIjoxODAwMDAwMDAwMDAwfX0=",
          "depends_on": [
            "azurerm_resource_group.main"
          ]
        }
      ]
    },
    {
      "mode": "managed",
      "type": "azurerm_network_security_rule",
      "name": "AllowInternal",
      "provider": "provider.azurerm",
      "instances": [
        {
          "schema_version": 0,
          "attributes": {
            "access": "Allow",
            "description": "",
            "destination_address_prefix": "10.0.2.0/24",
            "destination_address_prefixes": null,
            "destination_application_security_group_ids": null,
            "destination_port_range": "*",
            "destination_port_ranges": null,
            "direction": "Inbound",
            "id": "/subscriptions/4fc8a9ce-bdb4-476f-aa96-2948a69c3f62/resourceGroups/udacity-project-1-resources/providers/Microsoft.Network/networkSecurityGroups/udacity-project-1-nsg/securityRules/AllowSubnetInternal",
            "name": "AllowSubnetInternal",
            "network_security_group_name": "udacity-project-1-nsg",
            "priority": 100,
            "protocol": "Tcp",
            "resource_group_name": "udacity-project-1-resources",
            "source_address_prefix": "10.0.2.0/24",
            "source_address_prefixes": null,
            "source_application_security_group_ids": null,
            "source_port_range": "*",
            "source_port_ranges": null,
            "timeouts": null
          },
          "private": "eyJlMmJmYjczMC1lY2FhLTExZTYtOGY4OC0zNDM2M2JjN2M0YzAiOnsiY3JlYXRlIjoxODAwMDAwMDAwMDAwLCJkZWxldGUiOjE4MDAwMDAwMDAwMDAsInJlYWQiOjMwMDAwMDAwMDAwMCwidXBkYXRlIjoxODAwMDAwMDAwMDAwfX0=",
          "depends_on": [
            "azurerm_network_security_group.main",
            "azurerm_resource_group.main"
          ]
        }
      ]
    },
    {
      "mode": "managed",
      "type": "azurerm_network_security_rule",
      "name": "DenyExternal",
      "provider": "provider.azurerm",
      "instances": [
        {
          "schema_version": 0,
          "attributes": {
            "access": "Deny",
            "description": "",
            "destination_address_prefix": "*",
            "destination_address_prefixes": null,
            "destination_application_security_group_ids": null,
            "destination_port_range": "*",
            "destination_port_ranges": null,
            "direction": "Inbound",
            "id": "/subscriptions/4fc8a9ce-bdb4-476f-aa96-2948a69c3f62/resourceGroups/udacity-project-1-resources/providers/Microsoft.Network/networkSecurityGroups/udacity-project-1-nsg/securityRules/DenyAllExternal",
            "name": "DenyAllExternal",
            "network_security_group_name": "udacity-project-1-nsg",
            "priority": 110,
            "protocol": "Tcp",
            "resource_group_name": "udacity-project-1-resources",
            "source_address_prefix": "*",
            "source_address_prefixes": null,
            "source_application_security_group_ids": null,
            "source_port_range": "*",
            "source_port_ranges": null,
            "timeouts": null
          },
          "private": "eyJlMmJmYjczMC1lY2FhLTExZTYtOGY4OC0zNDM2M2JjN2M0YzAiOnsiY3JlYXRlIjoxODAwMDAwMDAwMDAwLCJkZWxldGUiOjE4MDAwMDAwMDAwMDAsInJlYWQiOjMwMDAwMDAwMDAwMCwidXBkYXRlIjoxODAwMDAwMDAwMDAwfX0=",
          "depends_on": [
            "azurerm_network_security_group.main",
            "azurerm_resource_group.main"
          ]
        }
      ]
    },
    {
      "mode": "managed",
      "type": "azurerm_public_ip",
      "name": "main",
      "provider": "provider.azurerm",
      "instances": [
        {
          "schema_version": 0,
          "attributes": {
            "allocation_method": "Static",
            "domain_name_label": null,
            "fqdn": null,
            "id": "/subscriptions/4fc8a9ce-bdb4-476f-aa96-2948a69c3f62/resourceGroups/udacity-project-1-resources/providers/Microsoft.Network/publicIPAddresses/udacity-project-1-public-ip",
            "idle_timeout_in_minutes": 4,
            "ip_address": "40.76.85.155",
            "ip_version": "IPv4",
            "location": "eastus",
            "name": "udacity-project-1-public-ip",
            "public_ip_prefix_id": null,
            "resource_group_name": "udacity-project-1-resources",
            "reverse_fqdn": null,
            "sku": "Basic",
            "tags": null,
            "timeouts": null,
            "zones": null
          },
          "private": "eyJlMmJmYjczMC1lY2FhLTExZTYtOGY4OC0zNDM2M2JjN2M0YzAiOnsiY3JlYXRlIjoxODAwMDAwMDAwMDAwLCJkZWxldGUiOjE4MDAwMDAwMDAwMDAsInJlYWQiOjMwMDAwMDAwMDAwMCwidXBkYXRlIjoxODAwMDAwMDAwMDAwfX0=",
          "depends_on": [
            "azurerm_resource_group.main"
          ]
        }
      ]
    },
    {
      "mode": "managed",
      "type": "azurerm_resource_group",
      "name": "main",
      "provider": "provider.azurerm",
      "instances": [
        {
          "schema_version": 0,
          "attributes": {
            "id": "/subscriptions/4fc8a9ce-bdb4-476f-aa96-2948a69c3f62/resourceGroups/udacity-project-1-resources",
            "location": "eastus",
            "name": "udacity-project-1-resources",
            "tags": {},
            "timeouts": {
              "create": null,
              "delete": null,
              "read": null,
              "update": null
            }
          },
          "private": "eyJlMmJmYjczMC1lY2FhLTExZTYtOGY4OC0zNDM2M2JjN2M0YzAiOnsiY3JlYXRlIjo1NDAwMDAwMDAwMDAwLCJkZWxldGUiOjU0MDAwMDAwMDAwMDAsInJlYWQiOjMwMDAwMDAwMDAwMCwidXBkYXRlIjo1NDAwMDAwMDAwMDAwfSwic2NoZW1hX3ZlcnNpb24iOiIwIn0="
        }
      ]
    },
    {
      "mode": "managed",
      "type": "azurerm_subnet",
      "name": "internal",
      "provider": "provider.azurerm",
      "instances": [
        {
          "schema_version": 0,
          "attributes": {
            "address_prefix": "10.0.2.0/24",
            "address_prefixes": [
              "10.0.2.0/24"
            ],
            "delegation": [],
            "enforce_private_link_endpoint_network_policies": false,
            "enforce_private_link_service_network_policies": false,
            "id": "/subscriptions/4fc8a9ce-bdb4-476f-aa96-2948a69c3f62/resourceGroups/udacity-project-1-resources/providers/Microsoft.Network/virtualNetworks/udacity-project-1-network/subnets/internal",
            "name": "internal",
            "resource_group_name": "udacity-project-1-resources",
            "service_endpoint_policy_ids": null,
            "service_endpoints": null,
            "timeouts": null,
            "virtual_network_name": "udacity-project-1-network"
          },
          "private": "eyJlMmJmYjczMC1lY2FhLTExZTYtOGY4OC0zNDM2M2JjN2M0YzAiOnsiY3JlYXRlIjoxODAwMDAwMDAwMDAwLCJkZWxldGUiOjE4MDAwMDAwMDAwMDAsInJlYWQiOjMwMDAwMDAwMDAwMCwidXBkYXRlIjoxODAwMDAwMDAwMDAwfX0=",
          "depends_on": [
            "azurerm_resource_group.main",
            "azurerm_virtual_network.main"
          ]
        }
      ]
    },
    {
      "mode": "managed",
      "type": "azurerm_virtual_network",
      "name": "main",
      "provider": "provider.azurerm",
      "instances": [
        {
          "schema_version": 0,
          "attributes": {
            "address_space": [
              "10.0.0.0/16"
            ],
            "bgp_community": "",
            "ddos_protection_plan": [],
            "dns_servers": null,
            "guid": "66643880-a35b-4086-82f4-dc1d6bfb4590",
            "id": "/subscriptions/4fc8a9ce-bdb4-476f-aa96-2948a69c3f62/resourceGroups/udacity-project-1-resources/providers/Microsoft.Network/virtualNetworks/udacity-project-1-network",
            "location": "eastus",
            "name": "udacity-project-1-network",
            "resource_group_name": "udacity-project-1-resources",
            "subnet": [],
            "tags": null,
            "timeouts": null,
            "vm_protection_enabled": false
          },
          "private": "eyJlMmJmYjczMC1lY2FhLTExZTYtOGY4OC0zNDM2M2JjN2M0YzAiOnsiY3JlYXRlIjoxODAwMDAwMDAwMDAwLCJkZWxldGUiOjE4MDAwMDAwMDAwMDAsInJlYWQiOjMwMDAwMDAwMDAwMCwidXBkYXRlIjoxODAwMDAwMDAwMDAwfX0=",
          "depends_on": [
            "azurerm_resource_group.main"
          ]
        }
      ]
    }
  ]
}
